
Microsoft Visual Studio Solution File, Format Version 12.00
# Visual Studio Version 17
VisualStudioVersion = 17.14.36310.24
MinimumVisualStudioVersion = 10.0.40219.1
Project("{FAE04EC0-301F-11D3-BF4B-00C04F79EFBC}") = "Case1", "Case1\Case1.csproj", "{CE4ECF84-7271-BC7F-B14E-A3563FBD2957}"
EndProject
Project("{FAE04EC0-301F-11D3-BF4B-00C04F79EFBC}") = "Case2", "Case2\Case2.csproj", "{23B7E031-9CA5-00C3-8ADB-D062148E1D12}"
EndProject
Global
	GlobalSection(SolutionConfigurationPlatforms) = preSolution
		Debug|x64 = Debug|x64
		Release|x64 = Release|x64
	EndGlobalSection
	GlobalSection(ProjectConfigurationPlatforms) = postSolution
		{CE4ECF84-7271-BC7F-B14E-A3563FBD2957}.Debug|x64.ActiveCfg = Debug|x64
		{CE4ECF84-7271-BC7F-B14E-A3563FBD2957}.Debug|x64.Build.0 = Debug|x64
		{CE4ECF84-7271-BC7F-B14E-A3563FBD2957}.Release|x64.ActiveCfg = Release|x64
		{CE4ECF84-7271-BC7F-B14E-A3563FBD2957}.Release|x64.Build.0 = Release|x64
		{23B7E031-9CA5-00C3-8ADB-D062148E1D12}.Debug|x64.ActiveCfg = Debug|x64
		{23B7E031-9CA5-00C3-8ADB-D062148E1D12}.Debug|x64.Build.0 = Debug|x64
		{23B7E031-9CA5-00C3-8ADB-D062148E1D12}.Release|x64.ActiveCfg = Release|x64
		{23B7E031-9CA5-00C3-8ADB-D062148E1D12}.Release|x64.Build.0 = Release|x64
	EndGlobalSection
	GlobalSection(SolutionProperties) = preSolution
		HideSolutionNode = FALSE
	EndGlobalSection
	GlobalSection(ExtensibilityGlobals) = postSolution
		SolutionGuid = {446D2B2F-9F6D-44AF-BC50-1D228DE6978E}
	EndGlobalSection
EndGlobal
